
Microsoft Visual Studio Solution File, Format Version 12.00
# Visual Studio 15
VisualStudioVersion = 15.0.28307.645
MinimumVisualStudioVersion = 10.0.40219.1
Project("{FAE04EC0-301F-11D3-BF4B-00C04F79EFBC}") = "clipboard", "clipboard.csproj", "{DF22A23C-4B23-40BE-ADC2-BD690CCCD10A}"
EndProject
Global
	GlobalSection(SolutionConfigurationPlatforms) = preSolution
		Debug|Any CPU = Debug|Any CPU
		Release|Any CPU = Release|Any CPU
	EndGlobalSection
	GlobalSection(ProjectConfigurationPlatforms) = postSolution
		{DF22A23C-4B23-40BE-ADC2-BD690CCCD10A}.Debug|Any CPU.ActiveCfg = Debug|Any CPU
		{DF22A23C-4B23-40BE-ADC2-BD690CCCD10A}.Debug|Any CPU.Build.0 = Debug|Any CPU
		{DF22A23C-4B23-40BE-ADC2-BD690CCCD10A}.Release|Any CPU.ActiveCfg = Release|Any CPU
		{DF22A23C-4B23-40BE-ADC2-BD690CCCD10A}.Release|Any CPU.Build.0 = Release|Any CPU
	EndGlobalSection
	GlobalSection(SolutionProperties) = preSolution
		HideSolutionNode = FALSE
	EndGlobalSection
	GlobalSection(ExtensibilityGlobals) = postSolution
		SolutionGuid = {539538B8-4AA8-4850-BB85-ABF9BC18EE91}
	EndGlobalSection
EndGlobal
